
Microsoft Visual Studio Solution File, Format Version 12.00
# Visual Studio Version 17
VisualStudioVersion = 17.5.33627.172
MinimumVisualStudioVersion = 10.0.40219.1
Project("{FAE04EC0-301F-11D3-BF4B-00C04F79EFBC}") = "MoodAnalyser", "MoodAnalyser\MoodAnalyser.csproj", "{CF9373E2-30D0-4786-89F7-02595DD6C003}"
EndProject
Global
	GlobalSection(SolutionConfigurationPlatforms) = preSolution
		Debug|Any CPU = Debug|Any CPU
		Release|Any CPU = Release|Any CPU
	EndGlobalSection
	GlobalSection(ProjectConfigurationPlatforms) = postSolution
		{CF9373E2-30D0-4786-89F7-02595DD6C003}.Debug|Any CPU.ActiveCfg = Debug|Any CPU
		{CF9373E2-30D0-4786-89F7-02595DD6C003}.Debug|Any CPU.Build.0 = Debug|Any CPU
		{CF9373E2-30D0-4786-89F7-02595DD6C003}.Release|Any CPU.ActiveCfg = Release|Any CPU
		{CF9373E2-30D0-4786-89F7-02595DD6C003}.Release|Any CPU.Build.0 = Release|Any CPU
	EndGlobalSection
	GlobalSection(SolutionProperties) = preSolution
		HideSolutionNode = FALSE
	EndGlobalSection
	GlobalSection(ExtensibilityGlobals) = postSolution
		SolutionGuid = {82CD1BCC-3BBE-40AE-9B77-4684FD49B36A}
	EndGlobalSection
EndGlobal
